
Microsoft Visual Studio Solution File, Format Version 12.00
# Visual Studio Version 17
VisualStudioVersion = 17.2.32526.322
MinimumVisualStudioVersion = 10.0.40219.1
Project("{FAE04EC0-301F-11D3-BF4B-00C04F79EFBC}") = "AuditPredictor", "AuditPredictor\AuditPredictor.csproj", "{5E3CAADF-8B29-43B6-BDB6-411B1E6C2773}"
EndProject
Project("{9A19103F-16F7-4668-BE54-9A1E7A4F7556}") = "AuditModel1_ConsoleApp", "AuditModel1_ConsoleApp\AuditModel1_ConsoleApp.csproj", "{15F279E6-08B5-49BF-978A-D1AB311B62FA}"
EndProject
Project("{9A19103F-16F7-4668-BE54-9A1E7A4F7556}") = "AuditModel1_WebApi", "AuditModel1_WebApi\AuditModel1_WebApi.csproj", "{1BD6776A-C443-4BDD-A91B-BE7B0BEEA92D}"
EndProject
Global
	GlobalSection(SolutionConfigurationPlatforms) = preSolution
		Debug|Any CPU = Debug|Any CPU
		Release|Any CPU = Release|Any CPU
	EndGlobalSection
	GlobalSection(ProjectConfigurationPlatforms) = postSolution
		{5E3CAADF-8B29-43B6-BDB6-411B1E6C2773}.Debug|Any CPU.ActiveCfg = Debug|Any CPU
		{5E3CAADF-8B29-43B6-BDB6-411B1E6C2773}.Debug|Any CPU.Build.0 = Debug|Any CPU
		{5E3CAADF-8B29-43B6-BDB6-411B1E6C2773}.Release|Any CPU.ActiveCfg = Release|Any CPU
		{5E3CAADF-8B29-43B6-BDB6-411B1E6C2773}.Release|Any CPU.Build.0 = Release|Any CPU
		{15F279E6-08B5-49BF-978A-D1AB311B62FA}.Debug|Any CPU.ActiveCfg = Debug|Any CPU
		{15F279E6-08B5-49BF-978A-D1AB311B62FA}.Debug|Any CPU.Build.0 = Debug|Any CPU
		{15F279E6-08B5-49BF-978A-D1AB311B62FA}.Release|Any CPU.ActiveCfg = Release|Any CPU
		{15F279E6-08B5-49BF-978A-D1AB311B62FA}.Release|Any CPU.Build.0 = Release|Any CPU
		{1BD6776A-C443-4BDD-A91B-BE7B0BEEA92D}.Debug|Any CPU.ActiveCfg = Debug|Any CPU
		{1BD6776A-C443-4BDD-A91B-BE7B0BEEA92D}.Debug|Any CPU.Build.0 = Debug|Any CPU
		{1BD6776A-C443-4BDD-A91B-BE7B0BEEA92D}.Release|Any CPU.ActiveCfg = Release|Any CPU
		{1BD6776A-C443-4BDD-A91B-BE7B0BEEA92D}.Release|Any CPU.Build.0 = Release|Any CPU
	EndGlobalSection
	GlobalSection(SolutionProperties) = preSolution
		HideSolutionNode = FALSE
	EndGlobalSection
	GlobalSection(ExtensibilityGlobals) = postSolution
		SolutionGuid = {3E6757EF-97DE-4653-8058-6171E5E9CF3D}
	EndGlobalSection
EndGlobal
